
Microsoft Visual Studio Solution File, Format Version 12.00
# Visual Studio Version 16
VisualStudioVersion = 16.0.31313.79
MinimumVisualStudioVersion = 10.0.40219.1
Project("{FAE04EC0-301F-11D3-BF4B-00C04F79EFBC}") = "Customers", "Customers\Customers.csproj", "{5EB4C075-386C-4F10-B9E0-6AAD92A949E8}"
EndProject
Global
	GlobalSection(SolutionConfigurationPlatforms) = preSolution
		Debug|Any CPU = Debug|Any CPU
		Release|Any CPU = Release|Any CPU
	EndGlobalSection
	GlobalSection(ProjectConfigurationPlatforms) = postSolution
		{5EB4C075-386C-4F10-B9E0-6AAD92A949E8}.Debug|Any CPU.ActiveCfg = Debug|Any CPU
		{5EB4C075-386C-4F10-B9E0-6AAD92A949E8}.Debug|Any CPU.Build.0 = Debug|Any CPU
		{5EB4C075-386C-4F10-B9E0-6AAD92A949E8}.Release|Any CPU.ActiveCfg = Release|Any CPU
		{5EB4C075-386C-4F10-B9E0-6AAD92A949E8}.Release|Any CPU.Build.0 = Release|Any CPU
	EndGlobalSection
	GlobalSection(SolutionProperties) = preSolution
		HideSolutionNode = FALSE
	EndGlobalSection
	GlobalSection(ExtensibilityGlobals) = postSolution
		SolutionGuid = {14DD370F-8406-4821-B22B-2CE3B4FED77A}
	EndGlobalSection
EndGlobal
